
Microsoft Visual Studio Solution File, Format Version 12.00
# Visual Studio Version 16
VisualStudioVersion = 16.0.28922.388
MinimumVisualStudioVersion = 10.0.40219.1
Project("{FAE04EC0-301F-11D3-BF4B-00C04F79EFBC}") = "RentParser", "RentParser.csproj", "{B7B7E8B4-24E7-44D5-83D1-D9BB31160A25}"
EndProject
Global
	GlobalSection(SolutionConfigurationPlatforms) = preSolution
		Debug|Any CPU = Debug|Any CPU
		Release|Any CPU = Release|Any CPU
	EndGlobalSection
	GlobalSection(ProjectConfigurationPlatforms) = postSolution
		{B7B7E8B4-24E7-44D5-83D1-D9BB31160A25}.Debug|Any CPU.ActiveCfg = Debug|Any CPU
		{B7B7E8B4-24E7-44D5-83D1-D9BB31160A25}.Debug|Any CPU.Build.0 = Debug|Any CPU
		{B7B7E8B4-24E7-44D5-83D1-D9BB31160A25}.Release|Any CPU.ActiveCfg = Release|Any CPU
		{B7B7E8B4-24E7-44D5-83D1-D9BB31160A25}.Release|Any CPU.Build.0 = Release|Any CPU
	EndGlobalSection
	GlobalSection(SolutionProperties) = preSolution
		HideSolutionNode = FALSE
	EndGlobalSection
	GlobalSection(ExtensibilityGlobals) = postSolution
		SolutionGuid = {60DFF933-F4E5-47EC-8569-88C18069EFDD}
	EndGlobalSection
EndGlobal
